// !$*UTF8*$!
{
	archiveVersion = 1;
	classes = {
	};
	objectVersion = 56;
	objects = {

/* Begin PBXBuildFile section */
		1AB8A9B3298F8AA100365668 /* AppDelegate.swift in Sources */ = {isa = PBXBuildFile; fileRef = 1AB8A9B2298F8AA100365668 /* AppDelegate.swift */; };
		1AB8A9B5298F8AA100365668 /* SceneDelegate.swift in Sources */ = {isa = PBXBuildFile; fileRef = 1AB8A9B4298F8AA100365668 /* SceneDelegate.swift */; };
		1AB8A9B7298F8AA100365668 /* ViewController.swift in Sources */ = {isa = PBXBuildFile; fileRef = 1AB8A9B6298F8AA100365668 /* ViewController.swift */; };
		1AB8A9BA298F8AA100365668 /* Main.storyboard in Resources */ = {isa = PBXBuildFile; fileRef = 1AB8A9B8298F8AA100365668 /* Main.storyboard */; };
		1AB8A9BC298F8AA200365668 /* Assets.xcassets in Resources */ = {isa = PBXBuildFile; fileRef = 1AB8A9BB298F8AA200365668 /* Assets.xcassets */; };
		1AB8A9BF298F8AA200365668 /* LaunchScreen.storyboard in Resources */ = {isa = PBXBuildFile; fileRef = 1AB8A9BD298F8AA200365668 /* LaunchScreen.storyboard */; };
		1AB8A9CA298F8AA200365668 /* UIKitNewsAppTests.swift in Sources */ = {isa = PBXBuildFile; fileRef = 1AB8A9C9298F8AA200365668 /* UIKitNewsAppTests.swift */; };
		1AB8A9D4298F8AA200365668 /* UIKitNewsAppUITests.swift in Sources */ = {isa = PBXBuildFile; fileRef = 1AB8A9D3298F8AA200365668 /* UIKitNewsAppUITests.swift */; };
		1AB8A9D6298F8AA200365668 /* UIKitNewsAppUITestsLaunchTests.swift in Sources */ = {isa = PBXBuildFile; fileRef = 1AB8A9D5298F8AA200365668 /* UIKitNewsAppUITestsLaunchTests.swift */; };
/* End PBXBuildFile section */

/* Begin PBXContainerItemProxy section */
		1AB8A9C6298F8AA200365668 /* PBXContainerItemProxy */ = {
			isa = PBXContainerItemProxy;
			containerPortal = 1AB8A9A7298F8AA100365668 /* Project object */;
			proxyType = 1;
			remoteGlobalIDString = 1AB8A9AE298F8AA100365668;
			remoteInfo = UIKitNewsApp;
		};
		1AB8A9D0298F8AA200365668 /* PBXContainerItemProxy */ = {
			isa = PBXContainerItemProxy;
			containerPortal = 1AB8A9A7298F8AA100365668 /* Project object */;
			proxyType = 1;
			remoteGlobalIDString = 1AB8A9AE298F8AA100365668;
			remoteInfo = UIKitNewsApp;
		};
/* End PBXContainerItemProxy section */

/* Begin PBXFileReference section */
		1AB8A9AF298F8AA100365668 /* UIKitNewsApp.app */ = {isa = PBXFileReference; explicitFileType = wrapper.application; includeInIndex = 0; path = UIKitNewsApp.app; sourceTree = BUILT_PRODUCTS_DIR; };
		1AB8A9B2298F8AA100365668 /* AppDelegate.swift */ = {isa = PBXFileReference; lastKnownFileType = sourcecode.swift; path = AppDelegate.swift; sourceTree = "<group>"; };
		1AB8A9B4298F8AA100365668 /* SceneDelegate.swift */ = {isa = PBXFileReference; lastKnownFileType = sourcecode.swift; path = SceneDelegate.swift; sourceTree = "<group>"; };
		1AB8A9B6298F8AA100365668 /* ViewController.swift */ = {isa = PBXFileReference; lastKnownFileType = sourcecode.swift; path = ViewController.swift; sourceTree = "<group>"; };
		1AB8A9B9298F8AA100365668 /* Base */ = {isa = PBXFileReference; lastKnownFileType = file.storyboard; name = Base; path = Base.lproj/Main.storyboard; sourceTree = "<group>"; };
		1AB8A9BB298F8AA200365668 /* Assets.xcassets */ = {isa = PBXFileReference; lastKnownFileType = folder.assetcatalog; path = Assets.xcassets; sourceTree = "<group>"; };
		1AB8A9BE298F8AA200365668 /* Base */ = {isa = PBXFileReference; lastKnownFileType = file.storyboard; name = Base; path = Base.lproj/LaunchScreen.storyboard; sourceTree = "<group>"; };
		1AB8A9C0298F8AA200365668 /* Info.plist */ = {isa = PBXFileReference; lastKnownFileType = text.plist.xml; path = Info.plist; sourceTree = "<group>"; };
		1AB8A9C5298F8AA200365668 /* UIKitNewsAppTests.xctest */ = {isa = PBXFileReference; explicitFileType = wrapper.cfbundle; includeInIndex = 0; path = UIKitNewsAppTests.xctest; sourceTree = BUILT_PRODUCTS_DIR; };
		1AB8A9C9298F8AA200365668 /* UIKitNewsAppTests.swift */ = {isa = PBXFileReference; lastKnownFileType = sourcecode.swift; path = UIKitNewsAppTests.swift; sourceTree = "<group>"; };
		1AB8A9CF298F8AA200365668 /* UIKitNewsAppUITests.xctest */ = {isa = PBXFileReference; explicitFileType = wrapper.cfbundle; includeInIndex = 0; path = UIKitNewsAppUITests.xctest; sourceTree = BUILT_PRODUCTS_DIR; };
		1AB8A9D3298F8AA200365668 /* UIKitNewsAppUITests.swift */ = {isa = PBXFileReference; lastKnownFileType = sourcecode.swift; path = UIKitNewsAppUITests.swift; sourceTree = "<group>"; };
		1AB8A9D5298F8AA200365668 /* UIKitNewsAppUITestsLaunchTests.swift */ = {isa = PBXFileReference; lastKnownFileType = sourcecode.swift; path = UIKitNewsAppUITestsLaunchTests.swift; sourceTree = "<group>"; };
/* End PBXFileReference section */

/* Begin PBXFrameworksBuildPhase section */
		1AB8A9AC298F8AA100365668 /* Frameworks */ = {
			isa = PBXFrameworksBuildPhase;
			buildActionMask = 2147483647;
			files = (
			);
			runOnlyForDeploymentPostprocessing = 0;
		};
		1AB8A9C2298F8AA200365668 /* Frameworks */ = {
			isa = PBXFrameworksBuildPhase;
			buildActionMask = 2147483647;
			files = (
			);
			runOnlyForDeploymentPostprocessing = 0;
		};
		1AB8A9CC298F8AA200365668 /* Frameworks */ = {
			isa = PBXFrameworksBuildPhase;
			buildActionMask = 2147483647;
			files = (
			);
			runOnlyForDeploymentPostprocessing = 0;
		};
/* End PBXFrameworksBuildPhase section */

/* Begin PBXGroup section */
		1AB8A9A6298F8AA100365668 = {
			isa = PBXGroup;
			children = (
				1AB8A9B1298F8AA100365668 /* UIKitNewsApp */,
				1AB8A9C8298F8AA200365668 /* UIKitNewsAppTests */,
				1AB8A9D2298F8AA200365668 /* UIKitNewsAppUITests */,
				1AB8A9B0298F8AA100365668 /* Products */,
			);
			sourceTree = "<group>";
		};
		1AB8A9B0298F8AA100365668 /* Products */ = {
			isa = PBXGroup;
			children = (
				1AB8A9AF298F8AA100365668 /* UIKitNewsApp.app */,
				1AB8A9C5298F8AA200365668 /* UIKitNewsAppTests.xctest */,
				1AB8A9CF298F8AA200365668 /* UIKitNewsAppUITests.xctest */,
			);
			name = Products;
			sourceTree = "<group>";
		};
		1AB8A9B1298F8AA100365668 /* UIKitNewsApp */ = {
			isa = PBXGroup;
			children = (
				1AB8A9B2298F8AA100365668 /* AppDelegate.swift */,
				1AB8A9B4298F8AA100365668 /* SceneDelegate.swift */,
				1AB8A9B6298F8AA100365668 /* ViewController.swift */,
				1AB8A9B8298F8AA100365668 /* Main.storyboard */,
				1AB8A9BB298F8AA200365668 /* Assets.xcassets */,
				1AB8A9BD298F8AA200365668 /* LaunchScreen.storyboard */,
				1AB8A9C0298F8AA200365668 /* Info.plist */,
			);
			path = UIKitNewsApp;
			sourceTree = "<group>";
		};
		1AB8A9C8298F8AA200365668 /* UIKitNewsAppTests */ = {
			isa = PBXGroup;
			children = (
				1AB8A9C9298F8AA200365668 /* UIKitNewsAppTests.swift */,
			);
			path = UIKitNewsAppTests;
			sourceTree = "<group>";
		};
		1AB8A9D2298F8AA200365668 /* UIKitNewsAppUITests */ = {
			isa = PBXGroup;
			children = (
				1AB8A9D3298F8AA200365668 /* UIKitNewsAppUITests.swift */,
				1AB8A9D5298F8AA200365668 /* UIKitNewsAppUITestsLaunchTests.swift */,
			);
			path = UIKitNewsAppUITests;
			sourceTree = "<group>";
		};
/* End PBXGroup section */

/* Begin PBXNativeTarget section */
		1AB8A9AE298F8AA100365668 /* UIKitNewsApp */ = {
			isa = PBXNativeTarget;
			buildConfigurationList = 1AB8A9D9298F8AA200365668 /* Build configuration list for PBXNativeTarget "UIKitNewsApp" */;
			buildPhases = (
				1AB8A9AB298F8AA100365668 /* Sources */,
				1AB8A9AC298F8AA100365668 /* Frameworks */,
				1AB8A9AD298F8AA100365668 /* Resources */,
			);
			buildRules = (
			);
			dependencies = (
			);
			name = UIKitNewsApp;
			productName = UIKitNewsApp;
			productReference = 1AB8A9AF298F8AA100365668 /* UIKitNewsApp.app */;
			productType = "com.apple.product-type.application";
		};
		1AB8A9C4298F8AA200365668 /* UIKitNewsAppTests */ = {
			isa = PBXNativeTarget;
			buildConfigurationList = 1AB8A9DC298F8AA200365668 /* Build configuration list for PBXNativeTarget "UIKitNewsAppTests" */;
			buildPhases = (
				1AB8A9C1298F8AA200365668 /* Sources */,
				1AB8A9C2298F8AA200365668 /* Frameworks */,
				1AB8A9C3298F8AA200365668 /* Resources */,
			);
			buildRules = (
			);
			dependencies = (
				1AB8A9C7298F8AA200365668 /* PBXTargetDependency */,
			);
			name = UIKitNewsAppTests;
			productName = UIKitNewsAppTests;
			productReference = 1AB8A9C5298F8AA200365668 /* UIKitNewsAppTests.xctest */;
			productType = "com.apple.product-type.bundle.unit-test";
		};
		1AB8A9CE298F8AA200365668 /* UIKitNewsAppUITests */ = {
			isa = PBXNativeTarget;
			buildConfigurationList = 1AB8A9DF298F8AA200365668 /* Build configuration list for PBXNativeTarget "UIKitNewsAppUITests" */;
			buildPhases = (
				1AB8A9CB298F8AA200365668 /* Sources */,
				1AB8A9CC298F8AA200365668 /* Frameworks */,
				1AB8A9CD298F8AA200365668 /* Resources */,
			);
			buildRules = (
			);
			dependencies = (
				1AB8A9D1298F8AA200365668 /* PBXTargetDependency */,
			);
			name = UIKitNewsAppUITests;
			productName = UIKitNewsAppUITests;
			productReference = 1AB8A9CF298F8AA200365668 /* UIKitNewsAppUITests.xctest */;
			productType = "com.apple.product-type.bundle.ui-testing";
		};
/* End PBXNativeTarget section */

/* Begin PBXProject section */
		1AB8A9A7298F8AA100365668 /* Project object */ = {
			isa = PBXProject;
			attributes = {
				BuildIndependentTargetsInParallel = 1;
				LastSwiftUpdateCheck = 1400;
				LastUpgradeCheck = 1400;
				TargetAttributes = {
					1AB8A9AE298F8AA100365668 = {
						CreatedOnToolsVersion = 14.0.1;
					};
					1AB8A9C4298F8AA200365668 = {
						CreatedOnToolsVersion = 14.0.1;
						TestTargetID = 1AB8A9AE298F8AA100365668;
					};
					1AB8A9CE298F8AA200365668 = {
						CreatedOnToolsVersion = 14.0.1;
						TestTargetID = 1AB8A9AE298F8AA100365668;
					};
				};
			};
			buildConfigurationList = 1AB8A9AA298F8AA100365668 /* Build configuration list for PBXProject "UIKitNewsApp" */;
			compatibilityVersion = "Xcode 14.0";
			developmentRegion = en;
			hasScannedForEncodings = 0;
			knownRegions = (
				en,
				Base,
			);
			mainGroup = 1AB8A9A6298F8AA100365668;
			productRefGroup = 1AB8A9B0298F8AA100365668 /* Products */;
			projectDirPath = "";
			projectRoot = "";
			targets = (
				1AB8A9AE298F8AA100365668 /* UIKitNewsApp */,
				1AB8A9C4298F8AA200365668 /* UIKitNewsAppTests */,
				1AB8A9CE298F8AA200365668 /* UIKitNewsAppUITests */,
			);
		};
/* End PBXProject section */

/* Begin PBXResourcesBuildPhase section */
		1AB8A9AD298F8AA100365668 /* Resources */ = {
			isa = PBXResourcesBuildPhase;
			buildActionMask = 2147483647;
			files = (
				1AB8A9BF298F8AA200365668 /* LaunchScreen.storyboard in Resources */,
				1AB8A9BC298F8AA200365668 /* Assets.xcassets in Resources */,
				1AB8A9BA298F8AA100365668 /* Main.storyboard in Resources */,
			);
			runOnlyForDeploymentPostprocessing = 0;
		};
		1AB8A9C3298F8AA200365668 /* Resources */ = {
			isa = PBXResourcesBuildPhase;
			buildActionMask = 2147483647;
			files = (
			);
			runOnlyForDeploymentPostprocessing = 0;
		};
		1AB8A9CD298F8AA200365668 /* Resources */ = {
			isa = PBXResourcesBuildPhase;
			buildActionMask = 2147483647;
			files = (
			);
			runOnlyForDeploymentPostprocessing = 0;
		};
/* End PBXResourcesBuildPhase section */

/* Begin PBXSourcesBuildPhase section */
		1AB8A9AB298F8AA100365668 /* Sources */ = {
			isa = PBXSourcesBuildPhase;
			buildActionMask = 2147483647;
			files = (
				1AB8A9B7298F8AA100365668 /* ViewController.swift in Sources */,
				1AB8A9B3298F8AA100365668 /* AppDelegate.swift in Sources */,
				1AB8A9B5298F8AA100365668 /* SceneDelegate.swift in Sources */,
			);
			runOnlyForDeploymentPostprocessing = 0;
		};
		1AB8A9C1298F8AA200365668 /* Sources */ = {
			isa = PBXSourcesBuildPhase;
			buildActionMask = 2147483647;
			files = (
				1AB8A9CA298F8AA200365668 /* UIKitNewsAppTests.swift in Sources */,
			);
			runOnlyForDeploymentPostprocessing = 0;
		};
		1AB8A9CB298F8AA200365668 /* Sources */ = {
			isa = PBXSourcesBuildPhase;
			buildActionMask = 2147483647;
			files = (
				1AB8A9D6298F8AA200365668 /* UIKitNewsAppUITestsLaunchTests.swift in Sources */,
				1AB8A9D4298F8AA200365668 /* UIKitNewsAppUITests.swift in Sources */,
			);
			runOnlyForDeploymentPostprocessing = 0;
		};
/* End PBXSourcesBuildPhase section */

/* Begin PBXTargetDependency section */
		1AB8A9C7298F8AA200365668 /* PBXTargetDependency */ = {
			isa = PBXTargetDependency;
			target = 1AB8A9AE298F8AA100365668 /* UIKitNewsApp */;
			targetProxy = 1AB8A9C6298F8AA200365668 /* PBXContainerItemProxy */;
		};
		1AB8A9D1298F8AA200365668 /* PBXTargetDependency */ = {
			isa = PBXTargetDependency;
			target = 1AB8A9AE298F8AA100365668 /* UIKitNewsApp */;
			targetProxy = 1AB8A9D0298F8AA200365668 /* PBXContainerItemProxy */;
		};
/* End PBXTargetDependency section */

/* Begin PBXVariantGroup section */
		1AB8A9B8298F8AA100365668 /* Main.storyboard */ = {
			isa = PBXVariantGroup;
			children = (
				1AB8A9B9298F8AA100365668 /* Base */,
			);
			name = Main.storyboard;
			sourceTree = "<group>";
		};
		1AB8A9BD298F8AA200365668 /* LaunchScreen.storyboard */ = {
			isa = PBXVariantGroup;
			children = (
				1AB8A9BE298F8AA200365668 /* Base */,
			);
			name = LaunchScreen.storyboard;
			sourceTree = "<group>";
		};
/* End PBXVariantGroup section */

/* Begin XCBuildConfiguration section */
		1AB8A9D7298F8AA200365668 /* Debug */ = {
			isa = XCBuildConfiguration;
			buildSettings = {
				ALWAYS_SEARCH_USER_PATHS = NO;
				CLANG_ANALYZER_NONNULL = YES;
				CLANG_ANALYZER_NUMBER_OBJECT_CONVERSION = YES_AGGRESSIVE;
				CLANG_CXX_LANGUAGE_STANDARD = "gnu++20";
				CLANG_ENABLE_MODULES = YES;
				CLANG_ENABLE_OBJC_ARC = YES;
				CLANG_ENABLE_OBJC_WEAK = YES;
				CLANG_WARN_BLOCK_CAPTURE_AUTORELEASING = YES;
				CLANG_WARN_BOOL_CONVERSION = YES;
				CLANG_WARN_COMMA = YES;
				CLANG_WARN_CONSTANT_CONVERSION = YES;
				CLANG_WARN_DEPRECATED_OBJC_IMPLEMENTATIONS = YES;
				CLANG_WARN_DIRECT_OBJC_ISA_USAGE = YES_ERROR;
				CLANG_WARN_DOCUMENTATION_COMMENTS = YES;
				CLANG_WARN_EMPTY_BODY = YES;
				CLANG_WARN_ENUM_CONVERSION = YES;
				CLANG_WARN_INFINITE_RECURSION = YES;
				CLANG_WARN_INT_CONVERSION = YES;
				CLANG_WARN_NON_LITERAL_NULL_CONVERSION = YES;
				CLANG_WARN_OBJC_IMPLICIT_RETAIN_SELF = YES;
				CLANG_WARN_OBJC_LITERAL_CONVERSION = YES;
				CLANG_WARN_OBJC_ROOT_CLASS = YES_ERROR;
				CLANG_WARN_QUOTED_INCLUDE_IN_FRAMEWORK_HEADER = YES;
				CLANG_WARN_RANGE_LOOP_ANALYSIS = YES;
				CLANG_WARN_STRICT_PROTOTYPES = YES;
				CLANG_WARN_SUSPICIOUS_MOVE = YES;
				CLANG_WARN_UNGUARDED_AVAILABILITY = YES_AGGRESSIVE;
				CLANG_WARN_UNREACHABLE_CODE = YES;
				CLANG_WARN__DUPLICATE_METHOD_MATCH = YES;
				COPY_PHASE_STRIP = NO;
				DEBUG_INFORMATION_FORMAT = dwarf;
				ENABLE_STRICT_OBJC_MSGSEND = YES;
				ENABLE_TESTABILITY = YES;
				GCC_C_LANGUAGE_STANDARD = gnu11;
				GCC_DYNAMIC_NO_PIC = NO;
				GCC_NO_COMMON_BLOCKS = YES;
				GCC_OPTIMIZATION_LEVEL = 0;
				GCC_PREPROCESSOR_DEFINITIONS = (
					"DEBUG=1",
					"$(inherited)",
				);
				GCC_WARN_64_TO_32_BIT_CONVERSION = YES;
				GCC_WARN_ABOUT_RETURN_TYPE = YES_ERROR;
				GCC_WARN_UNDECLARED_SELECTOR = YES;
				GCC_WARN_UNINITIALIZED_AUTOS = YES_AGGRESSIVE;
				GCC_WARN_UNUSED_FUNCTION = YES;
				GCC_WARN_UNUSED_VARIABLE = YES;
				IPHONEOS_DEPLOYMENT_TARGET = 16.0;
				MTL_ENABLE_DEBUG_INFO = INCLUDE_SOURCE;
				MTL_FAST_MATH = YES;
				ONLY_ACTIVE_ARCH = YES;
				SDKROOT = iphoneos;
				SWIFT_ACTIVE_COMPILATION_CONDITIONS = DEBUG;
				SWIFT_OPTIMIZATION_LEVEL = "-Onone";
			};
			name = Debug;
		};
		1AB8A9D8298F8AA200365668 /* Release */ = {
			isa = XCBuildConfiguration;
			buildSettings = {
				ALWAYS_SEARCH_USER_PATHS = NO;
				CLANG_ANALYZER_NONNULL = YES;
				CLANG_ANALYZER_NUMBER_OBJECT_CONVERSION = YES_AGGRESSIVE;
				CLANG_CXX_LANGUAGE_STANDARD = "gnu++20";
				CLANG_ENABLE_MODULES = YES;
				CLANG_ENABLE_OBJC_ARC = YES;
				CLANG_ENABLE_OBJC_WEAK = YES;
				CLANG_WARN_BLOCK_CAPTURE_AUTORELEASING = YES;
				CLANG_WARN_BOOL_CONVERSION = YES;
				CLANG_WARN_COMMA = YES;
				CLANG_WARN_CONSTANT_CONVERSION = YES;
				CLANG_WARN_DEPRECATED_OBJC_IMPLEMENTATIONS = YES;
				CLANG_WARN_DIRECT_OBJC_ISA_USAGE = YES_ERROR;
				CLANG_WARN_DOCUMENTATION_COMMENTS = YES;
				CLANG_WARN_EMPTY_BODY = YES;
				CLANG_WARN_ENUM_CONVERSION = YES;
				CLANG_WARN_INFINITE_RECURSION = YES;
				CLANG_WARN_INT_CONVERSION = YES;
				CLANG_WARN_NON_LITERAL_NULL_CONVERSION = YES;
				CLANG_WARN_OBJC_IMPLICIT_RETAIN_SELF = YES;
				CLANG_WARN_OBJC_LITERAL_CONVERSION = YES;
				CLANG_WARN_OBJC_ROOT_CLASS = YES_ERROR;
				CLANG_WARN_QUOTED_INCLUDE_IN_FRAMEWORK_HEADER = YES;
				CLANG_WARN_RANGE_LOOP_ANALYSIS = YES;
				CLANG_WARN_STRICT_PROTOTYPES = YES;
				CLANG_WARN_SUSPICIOUS_MOVE = YES;
				CLANG_WARN_UNGUARDED_AVAILABILITY = YES_AGGRESSIVE;
				CLANG_WARN_UNREACHABLE_CODE = YES;
				CLANG_WARN__DUPLICATE_METHOD_MATCH = YES;
				COPY_PHASE_STRIP = NO;
				DEBUG_INFORMATION_FORMAT = "dwarf-with-dsym";
				ENABLE_NS_ASSERTIONS = NO;
				ENABLE_STRICT_OBJC_MSGSEND = YES;
				GCC_C_LANGUAGE_STANDARD = gnu11;
				GCC_NO_COMMON_BLOCKS = YES;
				GCC_WARN_64_TO_32_BIT_CONVERSION = YES;
				GCC_WARN_ABOUT_RETURN_TYPE = YES_ERROR;
				GCC_WARN_UNDECLARED_SELECTOR = YES;
				GCC_WARN_UNINITIALIZED_AUTOS = YES_AGGRESSIVE;
				GCC_WARN_UNUSED_FUNCTION = YES;
				GCC_WARN_UNUSED_VARIABLE = YES;
				IPHONEOS_DEPLOYMENT_TARGET = 16.0;
				MTL_ENABLE_DEBUG_INFO = NO;
				MTL_FAST_MATH = YES;
				SDKROOT = iphoneos;
				SWIFT_COMPILATION_MODE = wholemodule;
				SWIFT_OPTIMIZATION_LEVEL = "-O";
				VALIDATE_PRODUCT = YES;
			};
			name = Release;
		};
		1AB8A9DA298F8AA200365668 /* Debug */ = {
			isa = XCBuildConfiguration;
			buildSettings = {
				ASSETCATALOG_COMPILER_APPICON_NAME = AppIcon;
				ASSETCATALOG_COMPILER_GLOBAL_ACCENT_COLOR_NAME = AccentColor;
				CODE_SIGN_STYLE = Automatic;
				CURRENT_PROJECT_VERSION = 1;
				DEVELOPMENT_TEAM = P867Z2P62X;
				GENERATE_INFOPLIST_FILE = YES;
				INFOPLIST_FILE = UIKitNewsApp/Info.plist;
				INFOPLIST_KEY_UIApplicationSupportsIndirectInputEvents = YES;
				INFOPLIST_KEY_UILaunchStoryboardName = LaunchScreen;
				INFOPLIST_KEY_UIMainStoryboardFile = Main;
				INFOPLIST_KEY_UISupportedInterfaceOrientations_iPad = "UIInterfaceOrientationPortrait UIInterfaceOrientationPortraitUpsideDown UIInterfaceOrientationLandscapeLeft UIInterfaceOrientationLandscapeRight";
				INFOPLIST_KEY_UISupportedInterfaceOrientations_iPhone = "UIInterfaceOrientationPortrait UIInterfaceOrientationLandscapeLeft UIInterfaceOrientationLandscapeRight";
				LD_RUNPATH_SEARCH_PATHS = (
					"$(inherited)",
					"@executable_path/Frameworks",
				);
				MARKETING_VERSION = 1.0;
				PRODUCT_BUNDLE_IDENTIFIER = com.learning.huda.UIKitNewsApp;
				PRODUCT_NAME = "$(TARGET_NAME)";
				SWIFT_EMIT_LOC_STRINGS = YES;
				SWIFT_VERSION = 5.0;
				TARGETED_DEVICE_FAMILY = "1,2";
			};
			name = Debug;
		};
		1AB8A9DB298F8AA200365668 /* Release */ = {
			isa = XCBuildConfiguration;
			buildSettings = {
				ASSETCATALOG_COMPILER_APPICON_NAME = AppIcon;
				ASSETCATALOG_COMPILER_GLOBAL_ACCENT_COLOR_NAME = AccentColor;
				CODE_SIGN_STYLE = Automatic;
				CURRENT_PROJECT_VERSION = 1;
				DEVELOPMENT_TEAM = P867Z2P62X;
				GENERATE_INFOPLIST_FILE = YES;
				INFOPLIST_FILE = UIKitNewsApp/Info.plist;
				INFOPLIST_KEY_UIApplicationSupportsIndirectInputEvents = YES;
				INFOPLIST_KEY_UILaunchStoryboardName = LaunchScreen;
				INFOPLIST_KEY_UIMainStoryboardFile = Main;
				INFOPLIST_KEY_UISupportedInterfaceOrientations_iPad = "UIInterfaceOrientationPortrait UIInterfaceOrientationPortraitUpsideDown UIInterfaceOrientationLandscapeLeft UIInterfaceOrientationLandscapeRight";
				INFOPLIST_KEY_UISupportedInterfaceOrientations_iPhone = "UIInterfaceOrientationPortrait UIInterfaceOrientationLandscapeLeft UIInterfaceOrientationLandscapeRight";
				LD_RUNPATH_SEARCH_PATHS = (
					"$(inherited)",
					"@executable_path/Frameworks",
				);
				MARKETING_VERSION = 1.0;
				PRODUCT_BUNDLE_IDENTIFIER = com.learning.huda.UIKitNewsApp;
				PRODUCT_NAME = "$(TARGET_NAME)";
				SWIFT_EMIT_LOC_STRINGS = YES;
				SWIFT_VERSION = 5.0;
				TARGETED_DEVICE_FAMILY = "1,2";
			};
			name = Release;
		};
		1AB8A9DD298F8AA200365668 /* Debug */ = {
			isa = XCBuildConfiguration;
			buildSettings = {
				ALWAYS_EMBED_SWIFT_STANDARD_LIBRARIES = YES;
				BUNDLE_LOADER = "$(TEST_HOST)";
				CODE_SIGN_STYLE = Automatic;
				CURRENT_PROJECT_VERSION = 1;
				DEVELOPMENT_TEAM = P867Z2P62X;
				GENERATE_INFOPLIST_FILE = YES;
				IPHONEOS_DEPLOYMENT_TARGET = 16.0;
				MARKETING_VERSION = 1.0;
				PRODUCT_BUNDLE_IDENTIFIER = com.learning.huda.UIKitNewsAppTests;
				PRODUCT_NAME = "$(TARGET_NAME)";
				SWIFT_EMIT_LOC_STRINGS = NO;
				SWIFT_VERSION = 5.0;
				TARGETED_DEVICE_FAMILY = "1,2";
				TEST_HOST = "$(BUILT_PRODUCTS_DIR)/UIKitNewsApp.app/$(BUNDLE_EXECUTABLE_FOLDER_PATH)/UIKitNewsApp";
			};
			name = Debug;
		};
		1AB8A9DE298F8AA200365668 /* Release */ = {
			isa = XCBuildConfiguration;
			buildSettings = {
				ALWAYS_EMBED_SWIFT_STANDARD_LIBRARIES = YES;
				BUNDLE_LOADER = "$(TEST_HOST)";
				CODE_SIGN_STYLE = Automatic;
				CURRENT_PROJECT_VERSION = 1;
				DEVELOPMENT_TEAM = P867Z2P62X;
				GENERATE_INFOPLIST_FILE = YES;
				IPHONEOS_DEPLOYMENT_TARGET = 16.0;
				MARKETING_VERSION = 1.0;
				PRODUCT_BUNDLE_IDENTIFIER = com.learning.huda.UIKitNewsAppTests;
				PRODUCT_NAME = "$(TARGET_NAME)";
				SWIFT_EMIT_LOC_STRINGS = NO;
				SWIFT_VERSION = 5.0;
				TARGETED_DEVICE_FAMILY = "1,2";
				TEST_HOST = "$(BUILT_PRODUCTS_DIR)/UIKitNewsApp.app/$(BUNDLE_EXECUTABLE_FOLDER_PATH)/UIKitNewsApp";
			};
			name = Release;
		};
		1AB8A9E0298F8AA200365668 /* Debug */ = {
			isa = XCBuildConfiguration;
			buildSettings = {
				ALWAYS_EMBED_SWIFT_STANDARD_LIBRARIES = YES;
				CODE_SIGN_STYLE = Automatic;
				CURRENT_PROJECT_VERSION = 1;
				DEVELOPMENT_TEAM = P867Z2P62X;
				GENERATE_INFOPLIST_FILE = YES;
				MARKETING_VERSION = 1.0;
				PRODUCT_BUNDLE_IDENTIFIER = com.learning.huda.UIKitNewsAppUITests;
				PRODUCT_NAME = "$(TARGET_NAME)";
				SWIFT_EMIT_LOC_STRINGS = NO;
				SWIFT_VERSION = 5.0;
				TARGETED_DEVICE_FAMILY = "1,2";
				TEST_TARGET_NAME = UIKitNewsApp;
			};
			name = Debug;
		};
		1AB8A9E1298F8AA200365668 /* Release */ = {
			isa = XCBuildConfiguration;
			buildSettings = {
				ALWAYS_EMBED_SWIFT_STANDARD_LIBRARIES = YES;
				CODE_SIGN_STYLE = Automatic;
				CURRENT_PROJECT_VERSION = 1;
				DEVELOPMENT_TEAM = P867Z2P62X;
				GENERATE_INFOPLIST_FILE = YES;
				MARKETING_VERSION = 1.0;
				PRODUCT_BUNDLE_IDENTIFIER = com.learning.huda.UIKitNewsAppUITests;
				PRODUCT_NAME = "$(TARGET_NAME)";
				SWIFT_EMIT_LOC_STRINGS = NO;
				SWIFT_VERSION = 5.0;
				TARGETED_DEVICE_FAMILY = "1,2";
				TEST_TARGET_NAME = UIKitNewsApp;
			};
			name = Release;
		};
/* End XCBuildConfiguration section */

/* Begin XCConfigurationList section */
		1AB8A9AA298F8AA100365668 /* Build configuration list for PBXProject "UIKitNewsApp" */ = {
			isa = XCConfigurationList;
			buildConfigurations = (
				1AB8A9D7298F8AA200365668 /* Debug */,
				1AB8A9D8298F8AA200365668 /* Release */,
			);
			defaultConfigurationIsVisible = 0;
			defaultConfigurationName = Release;
		};
		1AB8A9D9298F8AA200365668 /* Build configuration list for PBXNativeTarget "UIKitNewsApp" */ = {
			isa = XCConfigurationList;
			buildConfigurations = (
				1AB8A9DA298F8AA200365668 /* Debug */,
				1AB8A9DB298F8AA200365668 /* Release */,
			);
			defaultConfigurationIsVisible = 0;
			defaultConfigurationName = Release;
		};
		1AB8A9DC298F8AA200365668 /* Build configuration list for PBXNativeTarget "UIKitNewsAppTests" */ = {
			isa = XCConfigurationList;
			buildConfigurations = (
				1AB8A9DD298F8AA200365668 /* Debug */,
				1AB8A9DE298F8AA200365668 /* Release */,
			);
			defaultConfigurationIsVisible = 0;
			defaultConfigurationName = Release;
		};
		1AB8A9DF298F8AA200365668 /* Build configuration list for PBXNativeTarget "UIKitNewsAppUITests" */ = {
			isa = XCConfigurationList;
			buildConfigurations = (
				1AB8A9E0298F8AA200365668 /* Debug */,
				1AB8A9E1298F8AA200365668 /* Release */,
			);
			defaultConfigurationIsVisible = 0;
			defaultConfigurationName = Release;
		};
/* End XCConfigurationList section */
	};
	rootObject = 1AB8A9A7298F8AA100365668 /* Project object */;
}
